
Microsoft Visual Studio Solution File, Format Version 12.00
# Visual Studio Version 16
VisualStudioVersion = 16.0.31424.327
MinimumVisualStudioVersion = 10.0.40219.1
Project("{8BC9CEB8-8B4A-11D0-8D11-00A0C91BC942}") = "Termin1", "Termin1\Termin1.vcxproj", "{9B224B1A-A361-4B42-A9C2-7E4236A5336D}"
EndProject
Project("{8BC9CEB8-8B4A-11D0-8D11-00A0C91BC942}") = "Termin2", "Termin2\Termin2.vcxproj", "{56ADEB23-7B62-4584-ACE6-08A5072B6EA0}"
EndProject
Project("{8BC9CEB8-8B4A-11D0-8D11-00A0C91BC942}") = "Lab_1_Proba_1", "Lab_1_Proba_1\Lab_1_Proba_1.vcxproj", "{B30495E0-65E7-43A3-81B6-D7B1D820BFB5}"
EndProject
Project("{8BC9CEB8-8B4A-11D0-8D11-00A0C91BC942}") = "Predavanja_4", "Predavanja_4\Predavanja_4.vcxproj", "{AF7838F3-49C7-43BB-8C6C-C5EB90FC5F6B}"
EndProject
Project("{8BC9CEB8-8B4A-11D0-8D11-00A0C91BC942}") = "IND_16995", "IND_16995\IND_16995.vcxproj", "{D00078BE-C7B4-483B-BC3A-B58B590E99C3}"
EndProject
Project("{8BC9CEB8-8B4A-11D0-8D11-00A0C91BC942}") = "Igrarija", "Igrarija\Igrarija.vcxproj", "{5E19CEF8-C9E3-4EBF-A11F-598E03CE21FB}"
EndProject
Project("{8BC9CEB8-8B4A-11D0-8D11-00A0C91BC942}") = "OpenGL", "OpenGL\OpenGL.vcxproj", "{5CC8BE45-4348-4031-A2E6-E3242DF361EF}"
EndProject
Project("{8BC9CEB8-8B4A-11D0-8D11-00A0C91BC942}") = "OpenGL_Vezba", "OpenGL_Vezba\OpenGL_Vezba.vcxproj", "{F70216F5-AFB8-4F07-B3F8-8D8670B0EDB3}"
EndProject
Project("{8BC9CEB8-8B4A-11D0-8D11-00A0C91BC942}") = "Brush_Hatch", "Brush_Hatch\Brush_Hatch.vcxproj", "{B24A7229-9B1D-4523-A357-E94FDC1CBB62}"
EndProject
Global
	GlobalSection(SolutionConfigurationPlatforms) = preSolution
		Debug|x64 = Debug|x64
		Debug|x86 = Debug|x86
		Release|x64 = Release|x64
		Release|x86 = Release|x86
	EndGlobalSection
	GlobalSection(ProjectConfigurationPlatforms) = postSolution
		{9B224B1A-A361-4B42-A9C2-7E4236A5336D}.Debug|x64.ActiveCfg = Debug|x64
		{9B224B1A-A361-4B42-A9C2-7E4236A5336D}.Debug|x64.Build.0 = Debug|x64
		{9B224B1A-A361-4B42-A9C2-7E4236A5336D}.Debug|x86.ActiveCfg = Debug|Win32
		{9B224B1A-A361-4B42-A9C2-7E4236A5336D}.Debug|x86.Build.0 = Debug|Win32
		{9B224B1A-A361-4B42-A9C2-7E4236A5336D}.Release|x64.ActiveCfg = Release|x64
		{9B224B1A-A361-4B42-A9C2-7E4236A5336D}.Release|x64.Build.0 = Release|x64
		{9B224B1A-A361-4B42-A9C2-7E4236A5336D}.Release|x86.ActiveCfg = Release|Win32
		{9B224B1A-A361-4B42-A9C2-7E4236A5336D}.Release|x86.Build.0 = Release|Win32
		{56ADEB23-7B62-4584-ACE6-08A5072B6EA0}.Debug|x64.ActiveCfg = Debug|x64
		{56ADEB23-7B62-4584-ACE6-08A5072B6EA0}.Debug|x64.Build.0 = Debug|x64
		{56ADEB23-7B62-4584-ACE6-08A5072B6EA0}.Debug|x86.ActiveCfg = Debug|Win32
		{56ADEB23-7B62-4584-ACE6-08A5072B6EA0}.Debug|x86.Build.0 = Debug|Win32
		{56ADEB23-7B62-4584-ACE6-08A5072B6EA0}.Release|x64.ActiveCfg = Release|x64
		{56ADEB23-7B62-4584-ACE6-08A5072B6EA0}.Release|x64.Build.0 = Release|x64
		{56ADEB23-7B62-4584-ACE6-08A5072B6EA0}.Release|x86.ActiveCfg = Release|Win32
		{56ADEB23-7B62-4584-ACE6-08A5072B6EA0}.Release|x86.Build.0 = Release|Win32
		{B30495E0-65E7-43A3-81B6-D7B1D820BFB5}.Debug|x64.ActiveCfg = Debug|x64
		{B30495E0-65E7-43A3-81B6-D7B1D820BFB5}.Debug|x64.Build.0 = Debug|x64
		{B30495E0-65E7-43A3-81B6-D7B1D820BFB5}.Debug|x86.ActiveCfg = Debug|Win32
		{B30495E0-65E7-43A3-81B6-D7B1D820BFB5}.Debug|x86.Build.0 = Debug|Win32
		{B30495E0-65E7-43A3-81B6-D7B1D820BFB5}.Release|x64.ActiveCfg = Release|x64
		{B30495E0-65E7-43A3-81B6-D7B1D820BFB5}.Release|x64.Build.0 = Release|x64
		{B30495E0-65E7-43A3-81B6-D7B1D820BFB5}.Release|x86.ActiveCfg = Release|Win32
		{B30495E0-65E7-43A3-81B6-D7B1D820BFB5}.Release|x86.Build.0 = Release|Win32
		{AF7838F3-49C7-43BB-8C6C-C5EB90FC5F6B}.Debug|x64.ActiveCfg = Debug|x64
		{AF7838F3-49C7-43BB-8C6C-C5EB90FC5F6B}.Debug|x64.Build.0 = Debug|x64
		{AF7838F3-49C7-43BB-8C6C-C5EB90FC5F6B}.Debug|x86.ActiveCfg = Debug|Win32
		{AF7838F3-49C7-43BB-8C6C-C5EB90FC5F6B}.Debug|x86.Build.0 = Debug|Win32
		{AF7838F3-49C7-43BB-8C6C-C5EB90FC5F6B}.Release|x64.ActiveCfg = Release|x64
		{AF7838F3-49C7-43BB-8C6C-C5EB90FC5F6B}.Release|x64.Build.0 = Release|x64
		{AF7838F3-49C7-43BB-8C6C-C5EB90FC5F6B}.Release|x86.ActiveCfg = Release|Win32
		{AF7838F3-49C7-43BB-8C6C-C5EB90FC5F6B}.Release|x86.Build.0 = Release|Win32
		{D00078BE-C7B4-483B-BC3A-B58B590E99C3}.Debug|x64.ActiveCfg = Debug|x64
		{D00078BE-C7B4-483B-BC3A-B58B590E99C3}.Debug|x64.Build.0 = Debug|x64
		{D00078BE-C7B4-483B-BC3A-B58B590E99C3}.Debug|x86.ActiveCfg = Debug|Win32
		{D00078BE-C7B4-483B-BC3A-B58B590E99C3}.Debug|x86.Build.0 = Debug|Win32
		{D00078BE-C7B4-483B-BC3A-B58B590E99C3}.Release|x64.ActiveCfg = Release|x64
		{D00078BE-C7B4-483B-BC3A-B58B590E99C3}.Release|x64.Build.0 = Release|x64
		{D00078BE-C7B4-483B-BC3A-B58B590E99C3}.Release|x86.ActiveCfg = Release|Win32
		{D00078BE-C7B4-483B-BC3A-B58B590E99C3}.Release|x86.Build.0 = Release|Win32
		{5E19CEF8-C9E3-4EBF-A11F-598E03CE21FB}.Debug|x64.ActiveCfg = Debug|x64
		{5E19CEF8-C9E3-4EBF-A11F-598E03CE21FB}.Debug|x64.Build.0 = Debug|x64
		{5E19CEF8-C9E3-4EBF-A11F-598E03CE21FB}.Debug|x86.ActiveCfg = Debug|Win32
		{5E19CEF8-C9E3-4EBF-A11F-598E03CE21FB}.Debug|x86.Build.0 = Debug|Win32
		{5E19CEF8-C9E3-4EBF-A11F-598E03CE21FB}.Release|x64.ActiveCfg = Release|x64
		{5E19CEF8-C9E3-4EBF-A11F-598E03CE21FB}.Release|x64.Build.0 = Release|x64
		{5E19CEF8-C9E3-4EBF-A11F-598E03CE21FB}.Release|x86.ActiveCfg = Release|Win32
		{5E19CEF8-C9E3-4EBF-A11F-598E03CE21FB}.Release|x86.Build.0 = Release|Win32
		{5CC8BE45-4348-4031-A2E6-E3242DF361EF}.Debug|x64.ActiveCfg = Debug|x64
		{5CC8BE45-4348-4031-A2E6-E3242DF361EF}.Debug|x64.Build.0 = Debug|x64
		{5CC8BE45-4348-4031-A2E6-E3242DF361EF}.Debug|x86.ActiveCfg = Debug|Win32
		{5CC8BE45-4348-4031-A2E6-E3242DF361EF}.Debug|x86.Build.0 = Debug|Win32
		{5CC8BE45-4348-4031-A2E6-E3242DF361EF}.Release|x64.ActiveCfg = Release|x64
		{5CC8BE45-4348-4031-A2E6-E3242DF361EF}.Release|x64.Build.0 = Release|x64
		{5CC8BE45-4348-4031-A2E6-E3242DF361EF}.Release|x86.ActiveCfg = Release|Win32
		{5CC8BE45-4348-4031-A2E6-E3242DF361EF}.Release|x86.Build.0 = Release|Win32
		{F70216F5-AFB8-4F07-B3F8-8D8670B0EDB3}.Debug|x64.ActiveCfg = Debug|x64
		{F70216F5-AFB8-4F07-B3F8-8D8670B0EDB3}.Debug|x64.Build.0 = Debug|x64
		{F70216F5-AFB8-4F07-B3F8-8D8670B0EDB3}.Debug|x86.ActiveCfg = Debug|Win32
		{F70216F5-AFB8-4F07-B3F8-8D8670B0EDB3}.Debug|x86.Build.0 = Debug|Win32
		{F70216F5-AFB8-4F07-B3F8-8D8670B0EDB3}.Release|x64.ActiveCfg = Release|x64
		{F70216F5-AFB8-4F07-B3F8-8D8670B0EDB3}.Release|x64.Build.0 = Release|x64
		{F70216F5-AFB8-4F07-B3F8-8D8670B0EDB3}.Release|x86.ActiveCfg = Release|Win32
		{F70216F5-AFB8-4F07-B3F8-8D8670B0EDB3}.Release|x86.Build.0 = Release|Win32
		{B24A7229-9B1D-4523-A357-E94FDC1CBB62}.Debug|x64.ActiveCfg = Debug|x64
		{B24A7229-9B1D-4523-A357-E94FDC1CBB62}.Debug|x64.Build.0 = Debug|x64
		{B24A7229-9B1D-4523-A357-E94FDC1CBB62}.Debug|x86.ActiveCfg = Debug|Win32
		{B24A7229-9B1D-4523-A357-E94FDC1CBB62}.Debug|x86.Build.0 = Debug|Win32
		{B24A7229-9B1D-4523-A357-E94FDC1CBB62}.Release|x64.ActiveCfg = Release|x64
		{B24A7229-9B1D-4523-A357-E94FDC1CBB62}.Release|x64.Build.0 = Release|x64
		{B24A7229-9B1D-4523-A357-E94FDC1CBB62}.Release|x86.ActiveCfg = Release|Win32
		{B24A7229-9B1D-4523-A357-E94FDC1CBB62}.Release|x86.Build.0 = Release|Win32
	EndGlobalSection
	GlobalSection(SolutionProperties) = preSolution
		HideSolutionNode = FALSE
	EndGlobalSection
	GlobalSection(ExtensibilityGlobals) = postSolution
		SolutionGuid = {9AAA3C6D-8197-4E34-9241-890E994C10D1}
	EndGlobalSection
EndGlobal
